
Microsoft Visual Studio Solution File, Format Version 12.00
# Visual Studio Version 16
VisualStudioVersion = 16.0.28803.352
MinimumVisualStudioVersion = 10.0.40219.1
Project("{FAE04EC0-301F-11D3-BF4B-00C04F79EFBC}") = "WpfApp1", "WpfApp1\WpfApp1.csproj", "{35C3F00E-3B77-4E95-8600-47BB11575218}"
EndProject
Global
	GlobalSection(SolutionConfigurationPlatforms) = preSolution
		Debug|Any CPU = Debug|Any CPU
		Release|Any CPU = Release|Any CPU
	EndGlobalSection
	GlobalSection(ProjectConfigurationPlatforms) = postSolution
		{35C3F00E-3B77-4E95-8600-47BB11575218}.Debug|Any CPU.ActiveCfg = Debug|Any CPU
		{35C3F00E-3B77-4E95-8600-47BB11575218}.Debug|Any CPU.Build.0 = Debug|Any CPU
		{35C3F00E-3B77-4E95-8600-47BB11575218}.Release|Any CPU.ActiveCfg = Release|Any CPU
		{35C3F00E-3B77-4E95-8600-47BB11575218}.Release|Any CPU.Build.0 = Release|Any CPU
	EndGlobalSection
	GlobalSection(SolutionProperties) = preSolution
		HideSolutionNode = FALSE
	EndGlobalSection
	GlobalSection(ExtensibilityGlobals) = postSolution
		SolutionGuid = {5344AA65-9D36-44DE-8379-C90B1B14B699}
	EndGlobalSection
EndGlobal
